Microsoft Visual Studio Solution File, Format Version 12.00
# Visual Studio 2012
Project("{FAE04EC0-301F-11D3-BF4B-00C04F79EFBC}") = "CRM_4S", "CRM_4S\CRM_4S.csproj", "{5CC691DF-DBF4-4A71-BC09-82B22E97DEC2}"
EndProject
Project("{FAE04EC0-301F-11D3-BF4B-00C04F79EFBC}") = "CRM_4S.Common", "CRM_4S.Common\CRM_4S.Common.csproj", "{29E7273B-73C9-483F-9264-1819561AC8CD}"
EndProject
Project("{FAE04EC0-301F-11D3-BF4B-00C04F79EFBC}") = "DExpress.Localization", "DExpress.Localization\DExpress.Localization.csproj", "{FF481EFE-54D9-4B4E-926E-EF12E95EA363}"
EndProject
Project("{FAE04EC0-301F-11D3-BF4B-00C04F79EFBC}") = "CRM_4S.Model", "CRM_4S.Model\CRM_4S.Model.csproj", "{B59BC91F-7B97-43D6-916C-5A4CF9D7F064}"
EndProject
Project("{FAE04EC0-301F-11D3-BF4B-00C04F79EFBC}") = "CRM_4S.Business", "CRM_4S.Business\CRM_4S.Business.csproj", "{4AE1E38C-8511-47F3-BD55-471C5C93DB65}"
EndProject
Project("{6141683F-8A12-4E36-9623-2EB02B2C2303}") = "Setup", "Setup\Setup.isproj", "{47E7A865-E749-4B02-9D8C-B162F2127854}"
	ProjectSection(ProjectDependencies) = postProject
		{5CC691DF-DBF4-4A71-BC09-82B22E97DEC2} = {5CC691DF-DBF4-4A71-BC09-82B22E97DEC2}
	EndProjectSection
EndProject
Project("{2150E333-8FDC-42A3-9474-1A3956D46DE8}") = "CRM_4S.Service", "CRM_4S.Service", "{980108D9-FD72-40B7-8587-225F4F12500A}"
EndProject
Project("{FAE04EC0-301F-11D3-BF4B-00C04F79EFBC}") = "CRM_4S.DataService", "CRM_4S.DataService\CRM_4S.DataService.csproj", "{668D860C-2029-4B02-BF31-55842EFF1634}"
EndProject
Project("{FAE04EC0-301F-11D3-BF4B-00C04F79EFBC}") = "CRM_4S.Service.Host", "CRM_4S.Service.Host\CRM_4S.Service.Host.csproj", "{6697A6D2-6641-44D3-823F-D4982257120E}"
EndProject
Project("{FAE04EC0-301F-11D3-BF4B-00C04F79EFBC}") = "RegLib", "RegLib\RegLib.csproj", "{003C3C35-5EC2-484E-AA84-F22A2A984E64}"
EndProject
Global
	GlobalSection(SolutionConfigurationPlatforms) = preSolution
		CD_ROM|Any CPU = CD_ROM|Any CPU
		CD_ROM|x86 = CD_ROM|x86
		Debug|Any CPU = Debug|Any CPU
		Debug|x86 = Debug|x86
		DVD-5|Any CPU = DVD-5|Any CPU
		DVD-5|x86 = DVD-5|x86
		Release|Any CPU = Release|Any CPU
		Release|x86 = Release|x86
		SingleImage|Any CPU = SingleImage|Any CPU
		SingleImage|x86 = SingleImage|x86
	EndGlobalSection
	GlobalSection(ProjectConfigurationPlatforms) = postSolution
		{5CC691DF-DBF4-4A71-BC09-82B22E97DEC2}.CD_ROM|Any CPU.ActiveCfg = Release|Any CPU
		{5CC691DF-DBF4-4A71-BC09-82B22E97DEC2}.CD_ROM|Any CPU.Build.0 = Release|Any CPU
		{5CC691DF-DBF4-4A71-BC09-82B22E97DEC2}.CD_ROM|x86.ActiveCfg = Release|Any CPU
		{5CC691DF-DBF4-4A71-BC09-82B22E97DEC2}.Debug|Any CPU.ActiveCfg = Debug|Any CPU
		{5CC691DF-DBF4-4A71-BC09-82B22E97DEC2}.Debug|Any CPU.Build.0 = Debug|Any CPU
		{5CC691DF-DBF4-4A71-BC09-82B22E97DEC2}.Debug|x86.ActiveCfg = Debug|Any CPU
		{5CC691DF-DBF4-4A71-BC09-82B22E97DEC2}.DVD-5|Any CPU.ActiveCfg = Debug|Any CPU
		{5CC691DF-DBF4-4A71-BC09-82B22E97DEC2}.DVD-5|Any CPU.Build.0 = Debug|Any CPU
		{5CC691DF-DBF4-4A71-BC09-82B22E97DEC2}.DVD-5|x86.ActiveCfg = Debug|Any CPU
		{5CC691DF-DBF4-4A71-BC09-82B22E97DEC2}.Release|Any CPU.ActiveCfg = Release|Any CPU
		{5CC691DF-DBF4-4A71-BC09-82B22E97DEC2}.Release|Any CPU.Build.0 = Release|Any CPU
		{5CC691DF-DBF4-4A71-BC09-82B22E97DEC2}.Release|x86.ActiveCfg = Release|Any CPU
		{5CC691DF-DBF4-4A71-BC09-82B22E97DEC2}.SingleImage|Any CPU.ActiveCfg = Release|Any CPU
		{5CC691DF-DBF4-4A71-BC09-82B22E97DEC2}.SingleImage|Any CPU.Build.0 = Release|Any CPU
		{5CC691DF-DBF4-4A71-BC09-82B22E97DEC2}.SingleImage|x86.ActiveCfg = Release|Any CPU
		{29E7273B-73C9-483F-9264-1819561AC8CD}.CD_ROM|Any CPU.ActiveCfg = Release|Any CPU
		{29E7273B-73C9-483F-9264-1819561AC8CD}.CD_ROM|Any CPU.Build.0 = Release|Any CPU
		{29E7273B-73C9-483F-9264-1819561AC8CD}.CD_ROM|x86.ActiveCfg = Release|x86
		{29E7273B-73C9-483F-9264-1819561AC8CD}.CD_ROM|x86.Build.0 = Release|x86
		{29E7273B-73C9-483F-9264-1819561AC8CD}.Debug|Any CPU.ActiveCfg = Debug|Any CPU
		{29E7273B-73C9-483F-9264-1819561AC8CD}.Debug|Any CPU.Build.0 = Debug|Any CPU
		{29E7273B-73C9-483F-9264-1819561AC8CD}.Debug|x86.ActiveCfg = Debug|x86
		{29E7273B-73C9-483F-9264-1819561AC8CD}.Debug|x86.Build.0 = Debug|x86
		{29E7273B-73C9-483F-9264-1819561AC8CD}.DVD-5|Any CPU.ActiveCfg = Debug|Any CPU
		{29E7273B-73C9-483F-9264-1819561AC8CD}.DVD-5|Any CPU.Build.0 = Debug|Any CPU
		{29E7273B-73C9-483F-9264-1819561AC8CD}.DVD-5|x86.ActiveCfg = Debug|x86
		{29E7273B-73C9-483F-9264-1819561AC8CD}.DVD-5|x86.Build.0 = Debug|x86
		{29E7273B-73C9-483F-9264-1819561AC8CD}.Release|Any CPU.ActiveCfg = Release|Any CPU
		{29E7273B-73C9-483F-9264-1819561AC8CD}.Release|Any CPU.Build.0 = Release|Any CPU
		{29E7273B-73C9-483F-9264-1819561AC8CD}.Release|x86.ActiveCfg = Release|x86
		{29E7273B-73C9-483F-9264-1819561AC8CD}.Release|x86.Build.0 = Release|x86
		{29E7273B-73C9-483F-9264-1819561AC8CD}.SingleImage|Any CPU.ActiveCfg = Release|Any CPU
		{29E7273B-73C9-483F-9264-1819561AC8CD}.SingleImage|Any CPU.Build.0 = Release|Any CPU
		{29E7273B-73C9-483F-9264-1819561AC8CD}.SingleImage|x86.ActiveCfg = Release|x86
		{29E7273B-73C9-483F-9264-1819561AC8CD}.SingleImage|x86.Build.0 = Release|x86
		{FF481EFE-54D9-4B4E-926E-EF12E95EA363}.CD_ROM|Any CPU.ActiveCfg = Release|Any CPU
		{FF481EFE-54D9-4B4E-926E-EF12E95EA363}.CD_ROM|Any CPU.Build.0 = Release|Any CPU
		{FF481EFE-54D9-4B4E-926E-EF12E95EA363}.CD_ROM|x86.ActiveCfg = Release|Any CPU
		{FF481EFE-54D9-4B4E-926E-EF12E95EA363}.Debug|Any CPU.ActiveCfg = Debug|Any CPU
		{FF481EFE-54D9-4B4E-926E-EF12E95EA363}.Debug|Any CPU.Build.0 = Debug|Any CPU
		{FF481EFE-54D9-4B4E-926E-EF12E95EA363}.Debug|x86.ActiveCfg = Debug|Any CPU
		{FF481EFE-54D9-4B4E-926E-EF12E95EA363}.DVD-5|Any CPU.ActiveCfg = Debug|Any CPU
		{FF481EFE-54D9-4B4E-926E-EF12E95EA363}.DVD-5|Any CPU.Build.0 = Debug|Any CPU
		{FF481EFE-54D9-4B4E-926E-EF12E95EA363}.DVD-5|x86.ActiveCfg = Debug|Any CPU
		{FF481EFE-54D9-4B4E-926E-EF12E95EA363}.Release|Any CPU.ActiveCfg = Release|Any CPU
		{FF481EFE-54D9-4B4E-926E-EF12E95EA363}.Release|Any CPU.Build.0 = Release|Any CPU
		{FF481EFE-54D9-4B4E-926E-EF12E95EA363}.Release|x86.ActiveCfg = Release|Any CPU
		{FF481EFE-54D9-4B4E-926E-EF12E95EA363}.SingleImage|Any CPU.ActiveCfg = Release|Any CPU
		{FF481EFE-54D9-4B4E-926E-EF12E95EA363}.SingleImage|Any CPU.Build.0 = Release|Any CPU
		{FF481EFE-54D9-4B4E-926E-EF12E95EA363}.SingleImage|x86.ActiveCfg = Release|Any CPU
		{B59BC91F-7B97-43D6-916C-5A4CF9D7F064}.CD_ROM|Any CPU.ActiveCfg = Release|Any CPU
		{B59BC91F-7B97-43D6-916C-5A4CF9D7F064}.CD_ROM|Any CPU.Build.0 = Release|Any CPU
		{B59BC91F-7B97-43D6-916C-5A4CF9D7F064}.CD_ROM|x86.ActiveCfg = Release|Any CPU
		{B59BC91F-7B97-43D6-916C-5A4CF9D7F064}.Debug|Any CPU.ActiveCfg = Debug|Any CPU
		{B59BC91F-7B97-43D6-916C-5A4CF9D7F064}.Debug|Any CPU.Build.0 = Debug|Any CPU
		{B59BC91F-7B97-43D6-916C-5A4CF9D7F064}.Debug|x86.ActiveCfg = Debug|Any CPU
		{B59BC91F-7B97-43D6-916C-5A4CF9D7F064}.DVD-5|Any CPU.ActiveCfg = Debug|Any CPU
		{B59BC91F-7B97-43D6-916C-5A4CF9D7F064}.DVD-5|Any CPU.Build.0 = Debug|Any CPU
		{B59BC91F-7B97-43D6-916C-5A4CF9D7F064}.DVD-5|x86.ActiveCfg = Debug|Any CPU
		{B59BC91F-7B97-43D6-916C-5A4CF9D7F064}.Release|Any CPU.ActiveCfg = Release|Any CPU
		{B59BC91F-7B97-43D6-916C-5A4CF9D7F064}.Release|Any CPU.Build.0 = Release|Any CPU
		{B59BC91F-7B97-43D6-916C-5A4CF9D7F064}.Release|x86.ActiveCfg = Release|Any CPU
		{B59BC91F-7B97-43D6-916C-5A4CF9D7F064}.SingleImage|Any CPU.ActiveCfg = Release|Any CPU
		{B59BC91F-7B97-43D6-916C-5A4CF9D7F064}.SingleImage|Any CPU.Build.0 = Release|Any CPU
		{B59BC91F-7B97-43D6-916C-5A4CF9D7F064}.SingleImage|x86.ActiveCfg = Release|Any CPU
		{4AE1E38C-8511-47F3-BD55-471C5C93DB65}.CD_ROM|Any CPU.ActiveCfg = Release|Any CPU
		{4AE1E38C-8511-47F3-BD55-471C5C93DB65}.CD_ROM|Any CPU.Build.0 = Release|Any CPU
		{4AE1E38C-8511-47F3-BD55-471C5C93DB65}.CD_ROM|x86.ActiveCfg = Release|Any CPU
		{4AE1E38C-8511-47F3-BD55-471C5C93DB65}.Debug|Any CPU.ActiveCfg = Debug|Any CPU
		{4AE1E38C-8511-47F3-BD55-471C5C93DB65}.Debug|Any CPU.Build.0 = Debug|Any CPU
		{4AE1E38C-8511-47F3-BD55-471C5C93DB65}.Debug|x86.ActiveCfg = Debug|Any CPU
		{4AE1E38C-8511-47F3-BD55-471C5C93DB65}.DVD-5|Any CPU.ActiveCfg = Debug|Any CPU
		{4AE1E38C-8511-47F3-BD55-471C5C93DB65}.DVD-5|Any CPU.Build.0 = Debug|Any CPU
		{4AE1E38C-8511-47F3-BD55-471C5C93DB65}.DVD-5|x86.ActiveCfg = Debug|Any CPU
		{4AE1E38C-8511-47F3-BD55-471C5C93DB65}.Release|Any CPU.ActiveCfg = Release|Any CPU
		{4AE1E38C-8511-47F3-BD55-471C5C93DB65}.Release|Any CPU.Build.0 = Release|Any CPU
		{4AE1E38C-8511-47F3-BD55-471C5C93DB65}.Release|x86.ActiveCfg = Release|Any CPU
		{4AE1E38C-8511-47F3-BD55-471C5C93DB65}.SingleImage|Any CPU.ActiveCfg = Release|Any CPU
		{4AE1E38C-8511-47F3-BD55-471C5C93DB65}.SingleImage|Any CPU.Build.0 = Release|Any CPU
		{4AE1E38C-8511-47F3-BD55-471C5C93DB65}.SingleImage|x86.ActiveCfg = Release|Any CPU
		{47E7A865-E749-4B02-9D8C-B162F2127854}.CD_ROM|Any CPU.ActiveCfg = CD_ROM
		{47E7A865-E749-4B02-9D8C-B162F2127854}.CD_ROM|Any CPU.Build.0 = CD_ROM
		{47E7A865-E749-4B02-9D8C-B162F2127854}.CD_ROM|x86.ActiveCfg = CD_ROM
		{47E7A865-E749-4B02-9D8C-B162F2127854}.CD_ROM|x86.Build.0 = CD_ROM
		{47E7A865-E749-4B02-9D8C-B162F2127854}.Debug|Any CPU.ActiveCfg = DVD-5
		{47E7A865-E749-4B02-9D8C-B162F2127854}.Debug|Any CPU.Build.0 = DVD-5
		{47E7A865-E749-4B02-9D8C-B162F2127854}.Debug|x86.ActiveCfg = DVD-5
		{47E7A865-E749-4B02-9D8C-B162F2127854}.Debug|x86.Build.0 = DVD-5
		{47E7A865-E749-4B02-9D8C-B162F2127854}.DVD-5|Any CPU.ActiveCfg = DVD-5
		{47E7A865-E749-4B02-9D8C-B162F2127854}.DVD-5|Any CPU.Build.0 = DVD-5
		{47E7A865-E749-4B02-9D8C-B162F2127854}.DVD-5|x86.ActiveCfg = DVD-5
		{47E7A865-E749-4B02-9D8C-B162F2127854}.DVD-5|x86.Build.0 = DVD-5
		{47E7A865-E749-4B02-9D8C-B162F2127854}.Release|Any CPU.ActiveCfg = SingleImage
		{47E7A865-E749-4B02-9D8C-B162F2127854}.Release|Any CPU.Build.0 = SingleImage
		{47E7A865-E749-4B02-9D8C-B162F2127854}.Release|x86.ActiveCfg = SingleImage
		{47E7A865-E749-4B02-9D8C-B162F2127854}.Release|x86.Build.0 = SingleImage
		{47E7A865-E749-4B02-9D8C-B162F2127854}.SingleImage|Any CPU.ActiveCfg = SingleImage
		{47E7A865-E749-4B02-9D8C-B162F2127854}.SingleImage|Any CPU.Build.0 = SingleImage
		{47E7A865-E749-4B02-9D8C-B162F2127854}.SingleImage|x86.ActiveCfg = SingleImage
		{47E7A865-E749-4B02-9D8C-B162F2127854}.SingleImage|x86.Build.0 = SingleImage
		{668D860C-2029-4B02-BF31-55842EFF1634}.CD_ROM|Any CPU.ActiveCfg = Release|Any CPU
		{668D860C-2029-4B02-BF31-55842EFF1634}.CD_ROM|Any CPU.Build.0 = Release|Any CPU
		{668D860C-2029-4B02-BF31-55842EFF1634}.CD_ROM|x86.ActiveCfg = Release|Any CPU
		{668D860C-2029-4B02-BF31-55842EFF1634}.Debug|Any CPU.ActiveCfg = Debug|Any CPU
		{668D860C-2029-4B02-BF31-55842EFF1634}.Debug|Any CPU.Build.0 = Debug|Any CPU
		{668D860C-2029-4B02-BF31-55842EFF1634}.Debug|x86.ActiveCfg = Debug|Any CPU
		{668D860C-2029-4B02-BF31-55842EFF1634}.DVD-5|Any CPU.ActiveCfg = Debug|Any CPU
		{668D860C-2029-4B02-BF31-55842EFF1634}.DVD-5|Any CPU.Build.0 = Debug|Any CPU
		{668D860C-2029-4B02-BF31-55842EFF1634}.DVD-5|x86.ActiveCfg = Debug|Any CPU
		{668D860C-2029-4B02-BF31-55842EFF1634}.Release|Any CPU.ActiveCfg = Release|Any CPU
		{668D860C-2029-4B02-BF31-55842EFF1634}.Release|Any CPU.Build.0 = Release|Any CPU
		{668D860C-2029-4B02-BF31-55842EFF1634}.Release|x86.ActiveCfg = Release|Any CPU
		{668D860C-2029-4B02-BF31-55842EFF1634}.SingleImage|Any CPU.ActiveCfg = Release|Any CPU
		{668D860C-2029-4B02-BF31-55842EFF1634}.SingleImage|Any CPU.Build.0 = Release|Any CPU
		{668D860C-2029-4B02-BF31-55842EFF1634}.SingleImage|x86.ActiveCfg = Release|Any CPU
		{6697A6D2-6641-44D3-823F-D4982257120E}.CD_ROM|Any CPU.ActiveCfg = Release|Any CPU
		{6697A6D2-6641-44D3-823F-D4982257120E}.CD_ROM|Any CPU.Build.0 = Release|Any CPU
		{6697A6D2-6641-44D3-823F-D4982257120E}.CD_ROM|x86.ActiveCfg = Release|Any CPU
		{6697A6D2-6641-44D3-823F-D4982257120E}.Debug|Any CPU.ActiveCfg = Debug|Any CPU
		{6697A6D2-6641-44D3-823F-D4982257120E}.Debug|Any CPU.Build.0 = Debug|Any CPU
		{6697A6D2-6641-44D3-823F-D4982257120E}.Debug|x86.ActiveCfg = Debug|Any CPU
		{6697A6D2-6641-44D3-823F-D4982257120E}.DVD-5|Any CPU.ActiveCfg = Debug|Any CPU
		{6697A6D2-6641-44D3-823F-D4982257120E}.DVD-5|Any CPU.Build.0 = Debug|Any CPU
		{6697A6D2-6641-44D3-823F-D4982257120E}.DVD-5|x86.ActiveCfg = Debug|Any CPU
		{6697A6D2-6641-44D3-823F-D4982257120E}.Release|Any CPU.ActiveCfg = Release|Any CPU
		{6697A6D2-6641-44D3-823F-D4982257120E}.Release|Any CPU.Build.0 = Release|Any CPU
		{6697A6D2-6641-44D3-823F-D4982257120E}.Release|x86.ActiveCfg = Release|Any CPU
		{6697A6D2-6641-44D3-823F-D4982257120E}.SingleImage|Any CPU.ActiveCfg = Release|Any CPU
		{6697A6D2-6641-44D3-823F-D4982257120E}.SingleImage|Any CPU.Build.0 = Release|Any CPU
		{6697A6D2-6641-44D3-823F-D4982257120E}.SingleImage|x86.ActiveCfg = Release|Any CPU
		{003C3C35-5EC2-484E-AA84-F22A2A984E64}.CD_ROM|Any CPU.ActiveCfg = Release|Any CPU
		{003C3C35-5EC2-484E-AA84-F22A2A984E64}.CD_ROM|Any CPU.Build.0 = Release|Any CPU
		{003C3C35-5EC2-484E-AA84-F22A2A984E64}.CD_ROM|x86.ActiveCfg = Release|Any CPU
		{003C3C35-5EC2-484E-AA84-F22A2A984E64}.Debug|Any CPU.ActiveCfg = Debug|Any CPU
		{003C3C35-5EC2-484E-AA84-F22A2A984E64}.Debug|Any CPU.Build.0 = Debug|Any CPU
		{003C3C35-5EC2-484E-AA84-F22A2A984E64}.Debug|x86.ActiveCfg = Debug|Any CPU
		{003C3C35-5EC2-484E-AA84-F22A2A984E64}.DVD-5|Any CPU.ActiveCfg = Debug|Any CPU
		{003C3C35-5EC2-484E-AA84-F22A2A984E64}.DVD-5|Any CPU.Build.0 = Debug|Any CPU
		{003C3C35-5EC2-484E-AA84-F22A2A984E64}.DVD-5|x86.ActiveCfg = Debug|Any CPU
		{003C3C35-5EC2-484E-AA84-F22A2A984E64}.Release|Any CPU.ActiveCfg = Release|Any CPU
		{003C3C35-5EC2-484E-AA84-F22A2A984E64}.Release|Any CPU.Build.0 = Release|Any CPU
		{003C3C35-5EC2-484E-AA84-F22A2A984E64}.Release|x86.ActiveCfg = Release|Any CPU
		{003C3C35-5EC2-484E-AA84-F22A2A984E64}.SingleImage|Any CPU.ActiveCfg = Release|Any CPU
		{003C3C35-5EC2-484E-AA84-F22A2A984E64}.SingleImage|Any CPU.Build.0 = Release|Any CPU
		{003C3C35-5EC2-484E-AA84-F22A2A984E64}.SingleImage|x86.ActiveCfg = Release|Any CPU
	EndGlobalSection
	GlobalSection(SolutionProperties) = preSolution
		HideSolutionNode = FALSE
	EndGlobalSection
	GlobalSection(NestedProjects) = preSolution
		{668D860C-2029-4B02-BF31-55842EFF1634} = {980108D9-FD72-40B7-8587-225F4F12500A}
		{6697A6D2-6641-44D3-823F-D4982257120E} = {980108D9-FD72-40B7-8587-225F4F12500A}
	EndGlobalSection
EndGlobal
